{
  "name": "@phux/claude-plugin",
  "version": "0.4.0",
  "lockfileVersion": 3,
  "requires": true,
  "packages": {
    "": {
      "name": "@phux/claude-plugin",
      "version": "0.4.0",
      "license": "Apache-2.0",
      "devDependencies": {
        "@anthropic-ai/claude-code": "2.1.290"
      },
      "engines": {
        "node": ">=22"
      }
    },
    "node_modules/@anthropic-ai/claude-code": {
      "version": "2.1.290",
      "resolved": "https://registry.npmjs.org/@anthropic-ai/claude-code/-/claude-code-2.1.290.tgz",
      "integrity": "sha512-N1VOjg+2Bc0unJztexfNYMTi+XkghzLe1m7Z2vswj6geJAto7mib7FeRbhuSAYHz6lmtWz1XZhLqwT+ugUaxhQ==",
      "dev": true,
      "hasInstallScript": true,
      "license": "SEE LICENSE IN README.md",
      "bin": {
        "claude": "bin/claude.exe"
      },
      "engines": {
        "node": ">=22.0.0"
      },
      "optionalDependencies": {
        "@anthropic-ai/claude-code-darwin-arm64": "2.1.290",
        "@anthropic-ai/claude-code-darwin-x64": "2.1.290",
        "@anthropic-ai/claude-code-linux-arm64": "2.1.290",
        "@anthropic-ai/claude-code-linux-arm64-musl": "2.1.290",
        "@anthropic-ai/claude-code-linux-x64": "2.1.290",
        "@anthropic-ai/claude-code-linux-x64-musl": "2.1.290",
        "@anthropic-ai/claude-code-win32-arm64": "2.1.290",
        "@anthropic-ai/claude-code-win32-x64": "2.1.290"
      }
    },
    "node_modules/@anthropic-ai/claude-code-darwin-arm64": {
      "version": "2.1.290",
      "resolved": "https://registry.npmjs.org/@anthropic-ai/claude-code-darwin-arm64/-/claude-code-darwin-arm64-2.1.290.tgz",
      "integrity": "sha512-Gwf07acohw9mGTBIXeac1PTZKRMRsGoBFtm7OA3TMoLoF/3M2kPojkqdjxEzTVw15lJjA0N1lgZEa8jLWt4odQ==",
      "cpu": [
        "arm64"
      ],
      "dev": true,
      "license": "SEE LICENSE IN LICENSE.md",
      "optional": true,
      "os": [
        "darwin"
      ]
    },
    "node_modules/@anthropic-ai/claude-code-darwin-x64": {
      "version": "2.1.290",
      "resolved": "https://registry.npmjs.org/@anthropic-ai/claude-code-darwin-x64/-/claude-code-darwin-x64-2.1.290.tgz",
      "integrity": "sha512-T7VTeuPrIfK7fjzn37izXxKfru9ZNYiiHSx+8jCZJK5TLCCDPaJAFPjQRhdLtk7adHOJe5PeAK8Rm0d8mcNRFg==",
      "cpu": [
        "x64"
      ],
      "dev": true,
      "license": "SEE LICENSE IN LICENSE.md",
      "optional": true,
      "os": [
        "darwin"
      ]
    },
    "node_modules/@anthropic-ai/claude-code-linux-arm64": {
      "version": "2.1.290",
      "resolved": "https://registry.npmjs.org/@anthropic-ai/claude-code-linux-arm64/-/claude-code-linux-arm64-2.1.290.tgz",
      "integrity": "sha512-xUcpprHxzKHAfYQeOSWLBEX58FHIpueVWUUSRbYmQQkPSm2C+RzwPYfwvAbdleyV5Bncmor9FmRUCyiq1DwDww==",
      "cpu": [
        "arm64"
      ],
      "dev": true,
      "libc": [
        "glibc"
      ],
      "license": "SEE LICENSE IN LICENSE.md",
      "optional": true,
      "os": [
        "linux"
      ]
    },
    "node_modules/@anthropic-ai/claude-code-linux-arm64-musl": {
      "version": "2.1.290",
      "resolved": "https://registry.npmjs.org/@anthropic-ai/claude-code-linux-arm64-musl/-/claude-code-linux-arm64-musl-2.1.290.tgz",
      "integrity": "sha512-MxA+W79eTB9084PMbRHW1cApY2OXJVBLRZLg+os030mPvOSsO9x300bftgwAk1LqzoJP7zQo4aiDG1xXDfE8jw==",
      "cpu": [
        "arm64"
      ],
      "dev": true,
      "libc": [
        "musl"
      ],
      "license": "SEE LICENSE IN LICENSE.md",
      "optional": true,
      "os": [
        "linux"
      ]
    },
    "node_modules/@anthropic-ai/claude-code-linux-x64": {
      "version": "2.1.290",
      "resolved": "https://registry.npmjs.org/@anthropic-ai/claude-code-linux-x64/-/claude-code-linux-x64-2.1.290.tgz",
      "integrity": "sha512-1FQDIO4tXPFyw9wR1icEedIhEmLzOiQBAGR0NgETrXK8M2YbHEDXoE5Gg/LIuIee7giUuX5F2RzLw2N2i++ofQ==",
      "cpu": [
        "x64"
      ],
      "dev": true,
      "libc": [
        "glibc"
      ],
      "license": "SEE LICENSE IN LICENSE.md",
      "optional": true,
      "os": [
        "linux"
      ]
    },
    "node_modules/@anthropic-ai/claude-code-linux-x64-musl": {
      "version": "2.1.290",
      "resolved": "https://registry.npmjs.org/@anthropic-ai/claude-code-linux-x64-musl/-/claude-code-linux-x64-musl-2.1.290.tgz",
      "integrity": "sha512-wUlWlEmpJ0QKBUBNA0139dhChhMg5HLPi/78sZ2dJEJ6ff89qJF5s4LEXP0tLIsUfX/CggX4J4/2prcgueUyYw==",
      "cpu": [
        "x64"
      ],
      "dev": true,
      "libc": [
        "musl"
      ],
      "license": "SEE LICENSE IN LICENSE.md",
      "optional": true,
      "os": [
        "linux"
      ]
    },
    "node_modules/@anthropic-ai/claude-code-win32-arm64": {
      "version": "2.1.290",
      "resolved": "https://registry.npmjs.org/@anthropic-ai/claude-code-win32-arm64/-/claude-code-win32-arm64-2.1.290.tgz",
      "integrity": "sha512-QL2yNLFbj1Jx0nfNI+gKrta7RWNzYHD3OYKChieHmU1V2EJRyTUaYWeOZRHUkHc/tlK7Z/o9v43BQPEwHQmqkQ==",
      "cpu": [
        "arm64"
      ],
      "dev": true,
      "license": "SEE LICENSE IN LICENSE.md",
      "optional": true,
      "os": [
        "win32"
      ]
    },
    "node_modules/@anthropic-ai/claude-code-win32-x64": {
      "version": "2.1.290",
      "resolved": "https://registry.npmjs.org/@anthropic-ai/claude-code-win32-x64/-/claude-code-win32-x64-2.1.290.tgz",
      "integrity": "sha512-wkjNwUSqEJ0d7TLkxYAjBHGqpVRTKuars/60VzcrTMkaY5iTaMJvNRjagVYx8SKWP+Zd3f5Gh+jAyRPZAl0U+A==",
      "cpu": [
        "x64"
      ],
      "dev": true,
      "license": "SEE LICENSE IN LICENSE.md",
      "optional": true,
      "os": [
        "win32"
      ]
    }
  }
}
